
Microsoft Visual Studio Solution File, Format Version 12.00
# Visual Studio Version 17
VisualStudioVersion = 17.3.32922.545
MinimumVisualStudioVersion = 10.0.40219.1
Project("{9A19103F-16F7-4668-BE54-9A1E7A4F7556}") = "GrammarTest", "GrammarTest\GrammarTest.csproj", "{D0EAFEAE-07DA-4BF2-A377-84745A11223C}"
EndProject
Global
	GlobalSection(SolutionConfigurationPlatforms) = preSolution
		Debug|Any CPU = Debug|Any CPU
		Release|Any CPU = Release|Any CPU
	EndGlobalSection
	GlobalSection(ProjectConfigurationPlatforms) = postSolution
		{D0EAFEAE-07DA-4BF2-A377-84745A11223C}.Debug|Any CPU.ActiveCfg = Debug|Any CPU
		{D0EAFEAE-07DA-4BF2-A377-84745A11223C}.Debug|Any CPU.Build.0 = Debug|Any CPU
		{D0EAFEAE-07DA-4BF2-A377-84745A11223C}.Release|Any CPU.ActiveCfg = Release|Any CPU
		{D0EAFEAE-07DA-4BF2-A377-84745A11223C}.Release|Any CPU.Build.0 = Release|Any CPU
	EndGlobalSection
	GlobalSection(SolutionProperties) = preSolution
		HideSolutionNode = FALSE
	EndGlobalSection
	GlobalSection(ExtensibilityGlobals) = postSolution
		SolutionGuid = {7B3C5F40-BA1E-450D-BBA9-504156258A84}
	EndGlobalSection
EndGlobal
